// !$*UTF8*$!
{
	archiveVersion = 1;
	classes = {
	};
	objectVersion = 77;
	objects = {

/* Begin PBXContainerItemProxy section */
		01E89AF92DDD0E5400CC8634 /* PBXContainerItemProxy */ = {
			isa = PBXContainerItemProxy;
			containerPortal = 01E89AE32DDD0E5200CC8634 /* Project object */;
			proxyType = 1;
			remoteGlobalIDString = 01E89AEA2DDD0E5200CC8634;
			remoteInfo = myWeatherIOS;
		};
		01E89B032DDD0E5400CC8634 /* PBXContainerItemProxy */ = {
			isa = PBXContainerItemProxy;
			containerPortal = 01E89AE32DDD0E5200CC8634 /* Project object */;
			proxyType = 1;
			remoteGlobalIDString = 01E89AEA2DDD0E5200CC8634;
			remoteInfo = myWeatherIOS;
		};
/* End PBXContainerItemProxy section */

/* Begin PBXFileReference section */
		01E89AEB2DDD0E5200CC8634 /* myWeatherIOS.app */ = {isa = PBXFileReference; explicitFileType = wrapper.application; includeInIndex = 0; path = myWeatherIOS.app; sourceTree = BUILT_PRODUCTS_DIR; };
		01E89AF82DDD0E5400CC8634 /* myWeatherIOSTests.xctest */ = {isa = PBXFileReference; explicitFileType = wrapper.cfbundle; includeInIndex = 0; path = myWeatherIOSTests.xctest; sourceTree = BUILT_PRODUCTS_DIR; };
		01E89B022DDD0E5400CC8634 /* myWeatherIOSUITests.xctest */ = {isa = PBXFileReference; explicitFileType = wrapper.cfbundle; includeInIndex = 0; path = myWeatherIOSUITests.xctest; sourceTree = BUILT_PRODUCTS_DIR; };
/* End PBXFileReference section */

/* Begin PBXFileSystemSynchronizedRootGroup section */
		01E89AED2DDD0E5200CC8634 /* myWeatherIOS */ = {
			isa = PBXFileSystemSynchronizedRootGroup;
			path = myWeatherIOS;
			sourceTree = "<group>";
		};
		01E89AFB2DDD0E5400CC8634 /* myWeatherIOSTests */ = {
			isa = PBXFileSystemSynchronizedRootGroup;
			path = myWeatherIOSTests;
			sourceTree = "<group>";
		};
		01E89B052DDD0E5400CC8634 /* myWeatherIOSUITests */ = {
			isa = PBXFileSystemSynchronizedRootGroup;
			path = myWeatherIOSUITests;
			sourceTree = "<group>";
		};
/* End PBXFileSystemSynchronizedRootGroup section */

/* Begin PBXFrameworksBuildPhase section */
		01E89AE82DDD0E5200CC8634 /* Frameworks */ = {
			isa = PBXFrameworksBuildPhase;
			buildActionMask = 2147483647;
			files = (
			);
			runOnlyForDeploymentPostprocessing = 0;
		};
		01E89AF52DDD0E5400CC8634 /* Frameworks */ = {
			isa = PBXFrameworksBuildPhase;
			buildActionMask = 2147483647;
			files = (
			);
			runOnlyForDeploymentPostprocessing = 0;
		};
		01E89AFF2DDD0E5400CC8634 /* Frameworks */ = {
			isa = PBXFrameworksBuildPhase;
			buildActionMask = 2147483647;
			files = (
			);
			runOnlyForDeploymentPostprocessing = 0;
		};
/* End PBXFrameworksBuildPhase section */

/* Begin PBXGroup section */
		01E89AE22DDD0E5200CC8634 = {
			isa = PBXGroup;
			children = (
				01E89AED2DDD0E5200CC8634 /* myWeatherIOS */,
				01E89AFB2DDD0E5400CC8634 /* myWeatherIOSTests */,
				01E89B052DDD0E5400CC8634 /* myWeatherIOSUITests */,
				01E89AEC2DDD0E5200CC8634 /* Products */,
			);
			sourceTree = "<group>";
		};
		01E89AEC2DDD0E5200CC8634 /* Products */ = {
			isa = PBXGroup;
			children = (
				01E89AEB2DDD0E5200CC8634 /* myWeatherIOS.app */,
				01E89AF82DDD0E5400CC8634 /* myWeatherIOSTests.xctest */,
				01E89B022DDD0E5400CC8634 /* myWeatherIOSUITests.xctest */,
			);
			name = Products;
			sourceTree = "<group>";
		};
/* End PBXGroup section */

/* Begin PBXNativeTarget section */
		01E89AEA2DDD0E5200CC8634 /* myWeatherIOS */ = {
			isa = PBXNativeTarget;
			buildConfigurationList = 01E89B0C2DDD0E5400CC8634 /* Build configuration list for PBXNativeTarget "myWeatherIOS" */;
			buildPhases = (
				01E89AE72DDD0E5200CC8634 /* Sources */,
				01E89AE82DDD0E5200CC8634 /* Frameworks */,
				01E89AE92DDD0E5200CC8634 /* Resources */,
			);
			buildRules = (
			);
			dependencies = (
			);
			fileSystemSynchronizedGroups = (
				01E89AED2DDD0E5200CC8634 /* myWeatherIOS */,
			);
			name = myWeatherIOS;
			packageProductDependencies = (
			);
			productName = myWeatherIOS;
			productReference = 01E89AEB2DDD0E5200CC8634 /* myWeatherIOS.app */;
			productType = "com.apple.product-type.application";
		};
		01E89AF72DDD0E5400CC8634 /* myWeatherIOSTests */ = {
			isa = PBXNativeTarget;
			buildConfigurationList = 01E89B0F2DDD0E5400CC8634 /* Build configuration list for PBXNativeTarget "myWeatherIOSTests" */;
			buildPhases = (
				01E89AF42DDD0E5400CC8634 /* Sources */,
				01E89AF52DDD0E5400CC8634 /* Frameworks */,
				01E89AF62DDD0E5400CC8634 /* Resources */,
			);
			buildRules = (
			);
			dependencies = (
				01E89AFA2DDD0E5400CC8634 /* PBXTargetDependency */,
			);
			fileSystemSynchronizedGroups = (
				01E89AFB2DDD0E5400CC8634 /* myWeatherIOSTests */,
			);
			name = myWeatherIOSTests;
			packageProductDependencies = (
			);
			productName = myWeatherIOSTests;
			productReference = 01E89AF82DDD0E5400CC8634 /* myWeatherIOSTests.xctest */;
			productType = "com.apple.product-type.bundle.unit-test";
		};
		01E89B012DDD0E5400CC8634 /* myWeatherIOSUITests */ = {
			isa = PBXNativeTarget;
			buildConfigurationList = 01E89B122DDD0E5400CC8634 /* Build configuration list for PBXNativeTarget "myWeatherIOSUITests" */;
			buildPhases = (
				01E89AFE2DDD0E5400CC8634 /* Sources */,
				01E89AFF2DDD0E5400CC8634 /* Frameworks */,
				01E89B002DDD0E5400CC8634 /* Resources */,
			);
			buildRules = (
			);
			dependencies = (
				01E89B042DDD0E5400CC8634 /* PBXTargetDependency */,
			);
			fileSystemSynchronizedGroups = (
				01E89B052DDD0E5400CC8634 /* myWeatherIOSUITests */,
			);
			name = myWeatherIOSUITests;
			packageProductDependencies = (
			);
			productName = myWeatherIOSUITests;
			productReference = 01E89B022DDD0E5400CC8634 /* myWeatherIOSUITests.xctest */;
			productType = "com.apple.product-type.bundle.ui-testing";
		};
/* End PBXNativeTarget section */

/* Begin PBXProject section */
		01E89AE32DDD0E5200CC8634 /* Project object */ = {
			isa = PBXProject;
			attributes = {
				BuildIndependentTargetsInParallel = 1;
				LastSwiftUpdateCheck = 1630;
				LastUpgradeCheck = 1630;
				TargetAttributes = {
					01E89AEA2DDD0E5200CC8634 = {
						CreatedOnToolsVersion = 16.3;
					};
					01E89AF72DDD0E5400CC8634 = {
						CreatedOnToolsVersion = 16.3;
						TestTargetID = 01E89AEA2DDD0E5200CC8634;
					};
					01E89B012DDD0E5400CC8634 = {
						CreatedOnToolsVersion = 16.3;
						TestTargetID = 01E89AEA2DDD0E5200CC8634;
					};
				};
			};
			buildConfigurationList = 01E89AE62DDD0E5200CC8634 /* Build configuration list for PBXProject "myWeatherIOS" */;
			developmentRegion = en;
			hasScannedForEncodings = 0;
			knownRegions = (
				en,
				Base,
			);
			mainGroup = 01E89AE22DDD0E5200CC8634;
			minimizedProjectReferenceProxies = 1;
			preferredProjectObjectVersion = 77;
			productRefGroup = 01E89AEC2DDD0E5200CC8634 /* Products */;
			projectDirPath = "";
			projectRoot = "";
			targets = (
				01E89AEA2DDD0E5200CC8634 /* myWeatherIOS */,
				01E89AF72DDD0E5400CC8634 /* myWeatherIOSTests */,
				01E89B012DDD0E5400CC8634 /* myWeatherIOSUITests */,
			);
		};
/* End PBXProject section */

/* Begin PBXResourcesBuildPhase section */
		01E89AE92DDD0E5200CC8634 /* Resources */ = {
			isa = PBXResourcesBuildPhase;
			buildActionMask = 2147483647;
			files = (
			);
			runOnlyForDeploymentPostprocessing = 0;
		};
		01E89AF62DDD0E5400CC8634 /* Resources */ = {
			isa = PBXResourcesBuildPhase;
			buildActionMask = 2147483647;
			files = (
			);
			runOnlyForDeploymentPostprocessing = 0;
		};
		01E89B002DDD0E5400CC8634 /* Resources */ = {
			isa = PBXResourcesBuildPhase;
			buildActionMask = 2147483647;
			files = (
			);
			runOnlyForDeploymentPostprocessing = 0;
		};
/* End PBXResourcesBuildPhase section */

/* Begin PBXSourcesBuildPhase section */
		01E89AE72DDD0E5200CC8634 /* Sources */ = {
			isa = PBXSourcesBuildPhase;
			buildActionMask = 2147483647;
			files = (
			);
			runOnlyForDeploymentPostprocessing = 0;
		};
		01E89AF42DDD0E5400CC8634 /* Sources */ = {
			isa = PBXSourcesBuildPhase;
			buildActionMask = 2147483647;
			files = (
			);
			runOnlyForDeploymentPostprocessing = 0;
		};
		01E89AFE2DDD0E5400CC8634 /* Sources */ = {
			isa = PBXSourcesBuildPhase;
			buildActionMask = 2147483647;
			files = (
			);
			runOnlyForDeploymentPostprocessing = 0;
		};
/* End PBXSourcesBuildPhase section */

/* Begin PBXTargetDependency section */
		01E89AFA2DDD0E5400CC8634 /* PBXTargetDependency */ = {
			isa = PBXTargetDependency;
			target = 01E89AEA2DDD0E5200CC8634 /* myWeatherIOS */;
			targetProxy = 01E89AF92DDD0E5400CC8634 /* PBXContainerItemProxy */;
		};
		01E89B042DDD0E5400CC8634 /* PBXTargetDependency */ = {
			isa = PBXTargetDependency;
			target = 01E89AEA2DDD0E5200CC8634 /* myWeatherIOS */;
			targetProxy = 01E89B032DDD0E5400CC8634 /* PBXContainerItemProxy */;
		};
/* End PBXTargetDependency section */

/* Begin XCBuildConfiguration section */
		01E89B0A2DDD0E5400CC8634 /* Debug */ = {
			isa = XCBuildConfiguration;
			buildSettings = {
				ALWAYS_SEARCH_USER_PATHS = NO;
				ASSETCATALOG_COMPILER_GENERATE_SWIFT_ASSET_SYMBOL_EXTENSIONS = YES;
				CLANG_ANALYZER_NONNULL = YES;
				CLANG_ANALYZER_NUMBER_OBJECT_CONVERSION = YES_AGGRESSIVE;
				CLANG_CXX_LANGUAGE_STANDARD = "gnu++20";
				CLANG_ENABLE_MODULES = YES;
				CLANG_ENABLE_OBJC_ARC = YES;
				CLANG_ENABLE_OBJC_WEAK = YES;
				CLANG_WARN_BLOCK_CAPTURE_AUTORELEASING = YES;
				CLANG_WARN_BOOL_CONVERSION = YES;
				CLANG_WARN_COMMA = YES;
				CLANG_WARN_CONSTANT_CONVERSION = YES;
				CLANG_WARN_DEPRECATED_OBJC_IMPLEMENTATIONS = YES;
				CLANG_WARN_DIRECT_OBJC_ISA_USAGE = YES_ERROR;
				CLANG_WARN_DOCUMENTATION_COMMENTS = YES;
				CLANG_WARN_EMPTY_BODY = YES;
				CLANG_WARN_ENUM_CONVERSION = YES;
				CLANG_WARN_INFINITE_RECURSION = YES;
				CLANG_WARN_INT_CONVERSION = YES;
				CLANG_WARN_NON_LITERAL_NULL_CONVERSION = YES;
				CLANG_WARN_OBJC_IMPLICIT_RETAIN_SELF = YES;
				CLANG_WARN_OBJC_LITERAL_CONVERSION = YES;
				CLANG_WARN_OBJC_ROOT_CLASS = YES_ERROR;
				CLANG_WARN_QUOTED_INCLUDE_IN_FRAMEWORK_HEADER = YES;
				CLANG_WARN_RANGE_LOOP_ANALYSIS = YES;
				CLANG_WARN_STRICT_PROTOTYPES = YES;
				CLANG_WARN_SUSPICIOUS_MOVE = YES;
				CLANG_WARN_UNGUARDED_AVAILABILITY = YES_AGGRESSIVE;
				CLANG_WARN_UNREACHABLE_CODE = YES;
				CLANG_WARN__DUPLICATE_METHOD_MATCH = YES;
				COPY_PHASE_STRIP = NO;
				DEBUG_INFORMATION_FORMAT = dwarf;
				DEVELOPMENT_TEAM = RTR7UG8D94;
				ENABLE_STRICT_OBJC_MSGSEND = YES;
				ENABLE_TESTABILITY = YES;
				ENABLE_USER_SCRIPT_SANDBOXING = YES;
				GCC_C_LANGUAGE_STANDARD = gnu17;
				GCC_DYNAMIC_NO_PIC = NO;
				GCC_NO_COMMON_BLOCKS = YES;
				GCC_OPTIMIZATION_LEVEL = 0;
				GCC_PREPROCESSOR_DEFINITIONS = (
					"DEBUG=1",
					"$(inherited)",
				);
				GCC_WARN_64_TO_32_BIT_CONVERSION = YES;
				GCC_WARN_ABOUT_RETURN_TYPE = YES_ERROR;
				GCC_WARN_UNDECLARED_SELECTOR = YES;
				GCC_WARN_UNINITIALIZED_AUTOS = YES_AGGRESSIVE;
				GCC_WARN_UNUSED_FUNCTION = YES;
				GCC_WARN_UNUSED_VARIABLE = YES;
				IPHONEOS_DEPLOYMENT_TARGET = 18.4;
				LOCALIZATION_PREFERS_STRING_CATALOGS = YES;
				MTL_ENABLE_DEBUG_INFO = INCLUDE_SOURCE;
				MTL_FAST_MATH = YES;
				ONLY_ACTIVE_ARCH = YES;
				SDKROOT = iphoneos;
				SWIFT_ACTIVE_COMPILATION_CONDITIONS = "DEBUG $(inherited)";
				SWIFT_OPTIMIZATION_LEVEL = "-Onone";
			};
			name = Debug;
		};
		01E89B0B2DDD0E5400CC8634 /* Release */ = {
			isa = XCBuildConfiguration;
			buildSettings = {
				ALWAYS_SEARCH_USER_PATHS = NO;
				ASSETCATALOG_COMPILER_GENERATE_SWIFT_ASSET_SYMBOL_EXTENSIONS = YES;
				CLANG_ANALYZER_NONNULL = YES;
				CLANG_ANALYZER_NUMBER_OBJECT_CONVERSION = YES_AGGRESSIVE;
				CLANG_CXX_LANGUAGE_STANDARD = "gnu++20";
				CLANG_ENABLE_MODULES = YES;
				CLANG_ENABLE_OBJC_ARC = YES;
				CLANG_ENABLE_OBJC_WEAK = YES;
				CLANG_WARN_BLOCK_CAPTURE_AUTORELEASING = YES;
				CLANG_WARN_BOOL_CONVERSION = YES;
				CLANG_WARN_COMMA = YES;
				CLANG_WARN_CONSTANT_CONVERSION = YES;
				CLANG_WARN_DEPRECATED_OBJC_IMPLEMENTATIONS = YES;
				CLANG_WARN_DIRECT_OBJC_ISA_USAGE = YES_ERROR;
				CLANG_WARN_DOCUMENTATION_COMMENTS = YES;
				CLANG_WARN_EMPTY_BODY = YES;
				CLANG_WARN_ENUM_CONVERSION = YES;
				CLANG_WARN_INFINITE_RECURSION = YES;
				CLANG_WARN_INT_CONVERSION = YES;
				CLANG_WARN_NON_LITERAL_NULL_CONVERSION = YES;
				CLANG_WARN_OBJC_IMPLICIT_RETAIN_SELF = YES;
				CLANG_WARN_OBJC_LITERAL_CONVERSION = YES;
				CLANG_WARN_OBJC_ROOT_CLASS = YES_ERROR;
				CLANG_WARN_QUOTED_INCLUDE_IN_FRAMEWORK_HEADER = YES;
				CLANG_WARN_RANGE_LOOP_ANALYSIS = YES;
				CLANG_WARN_STRICT_PROTOTYPES = YES;
				CLANG_WARN_SUSPICIOUS_MOVE = YES;
				CLANG_WARN_UNGUARDED_AVAILABILITY = YES_AGGRESSIVE;
				CLANG_WARN_UNREACHABLE_CODE = YES;
				CLANG_WARN__DUPLICATE_METHOD_MATCH = YES;
				COPY_PHASE_STRIP = NO;
				DEBUG_INFORMATION_FORMAT = "dwarf-with-dsym";
				DEVELOPMENT_TEAM = RTR7UG8D94;
				ENABLE_NS_ASSERTIONS = NO;
				ENABLE_STRICT_OBJC_MSGSEND = YES;
				ENABLE_USER_SCRIPT_SANDBOXING = YES;
				GCC_C_LANGUAGE_STANDARD = gnu17;
				GCC_NO_COMMON_BLOCKS = YES;
				GCC_WARN_64_TO_32_BIT_CONVERSION = YES;
				GCC_WARN_ABOUT_RETURN_TYPE = YES_ERROR;
				GCC_WARN_UNDECLARED_SELECTOR = YES;
				GCC_WARN_UNINITIALIZED_AUTOS = YES_AGGRESSIVE;
				GCC_WARN_UNUSED_FUNCTION = YES;
				GCC_WARN_UNUSED_VARIABLE = YES;
				IPHONEOS_DEPLOYMENT_TARGET = 18.4;
				LOCALIZATION_PREFERS_STRING_CATALOGS = YES;
				MTL_ENABLE_DEBUG_INFO = NO;
				MTL_FAST_MATH = YES;
				SDKROOT = iphoneos;
				SWIFT_COMPILATION_MODE = wholemodule;
				VALIDATE_PRODUCT = YES;
			};
			name = Release;
		};
		01E89B0D2DDD0E5400CC8634 /* Debug */ = {
			isa = XCBuildConfiguration;
			buildSettings = {
				ASSETCATALOG_COMPILER_APPICON_NAME = AppIcon;
				ASSETCATALOG_COMPILER_GLOBAL_ACCENT_COLOR_NAME = AccentColor;
				CODE_SIGN_STYLE = Automatic;
				CURRENT_PROJECT_VERSION = 1;
				DEVELOPMENT_TEAM = RTR7UG8D94;
				ENABLE_PREVIEWS = YES;
				GENERATE_INFOPLIST_FILE = YES;
				INFOPLIST_KEY_UIApplicationSceneManifest_Generation = YES;
				INFOPLIST_KEY_UIApplicationSupportsIndirectInputEvents = YES;
				INFOPLIST_KEY_UILaunchScreen_Generation = YES;
				INFOPLIST_KEY_UISupportedInterfaceOrientations_iPad = "UIInterfaceOrientationPortrait UIInterfaceOrientationPortraitUpsideDown UIInterfaceOrientationLandscapeLeft UIInterfaceOrientationLandscapeRight";
				INFOPLIST_KEY_UISupportedInterfaceOrientations_iPhone = "UIInterfaceOrientationPortrait UIInterfaceOrientationLandscapeLeft UIInterfaceOrientationLandscapeRight";
				LD_RUNPATH_SEARCH_PATHS = (
					"$(inherited)",
					"@executable_path/Frameworks",
				);
				MARKETING_VERSION = 1.0;
				PRODUCT_BUNDLE_IDENTIFIER = "aiden-barrett.myWeatherIOS";
				PRODUCT_NAME = "$(TARGET_NAME)";
				SWIFT_EMIT_LOC_STRINGS = YES;
				SWIFT_VERSION = 5.0;
				TARGETED_DEVICE_FAMILY = "1,2";
			};
			name = Debug;
		};
		01E89B0E2DDD0E5400CC8634 /* Release */ = {
			isa = XCBuildConfiguration;
			buildSettings = {
				ASSETCATALOG_COMPILER_APPICON_NAME = AppIcon;
				ASSETCATALOG_COMPILER_GLOBAL_ACCENT_COLOR_NAME = AccentColor;
				CODE_SIGN_STYLE = Automatic;
				CURRENT_PROJECT_VERSION = 1;
				DEVELOPMENT_TEAM = RTR7UG8D94;
				ENABLE_PREVIEWS = YES;
				GENERATE_INFOPLIST_FILE = YES;
				INFOPLIST_KEY_UIApplicationSceneManifest_Generation = YES;
				INFOPLIST_KEY_UIApplicationSupportsIndirectInputEvents = YES;
				INFOPLIST_KEY_UILaunchScreen_Generation = YES;
				INFOPLIST_KEY_UISupportedInterfaceOrientations_iPad = "UIInterfaceOrientationPortrait UIInterfaceOrientationPortraitUpsideDown UIInterfaceOrientationLandscapeLeft UIInterfaceOrientationLandscapeRight";
				INFOPLIST_KEY_UISupportedInterfaceOrientations_iPhone = "UIInterfaceOrientationPortrait UIInterfaceOrientationLandscapeLeft UIInterfaceOrientationLandscapeRight";
				LD_RUNPATH_SEARCH_PATHS = (
					"$(inherited)",
					"@executable_path/Frameworks",
				);
				MARKETING_VERSION = 1.0;
				PRODUCT_BUNDLE_IDENTIFIER = "aiden-barrett.myWeatherIOS";
				PRODUCT_NAME = "$(TARGET_NAME)";
				SWIFT_EMIT_LOC_STRINGS = YES;
				SWIFT_VERSION = 5.0;
				TARGETED_DEVICE_FAMILY = "1,2";
			};
			name = Release;
		};
		01E89B102DDD0E5400CC8634 /* Debug */ = {
			isa = XCBuildConfiguration;
			buildSettings = {
				BUNDLE_LOADER = "$(TEST_HOST)";
				CODE_SIGN_STYLE = Automatic;
				CURRENT_PROJECT_VERSION = 1;
				DEVELOPMENT_TEAM = RTR7UG8D94;
				GENERATE_INFOPLIST_FILE = YES;
				IPHONEOS_DEPLOYMENT_TARGET = 18.4;
				MARKETING_VERSION = 1.0;
				PRODUCT_BUNDLE_IDENTIFIER = "aiden-barrett.myWeatherIOSTests";
				PRODUCT_NAME = "$(TARGET_NAME)";
				SWIFT_EMIT_LOC_STRINGS = NO;
				SWIFT_VERSION = 5.0;
				TARGETED_DEVICE_FAMILY = "1,2";
				TEST_HOST = "$(BUILT_PRODUCTS_DIR)/myWeatherIOS.app/$(BUNDLE_EXECUTABLE_FOLDER_PATH)/myWeatherIOS";
			};
			name = Debug;
		};
		01E89B112DDD0E5400CC8634 /* Release */ = {
			isa = XCBuildConfiguration;
			buildSettings = {
				BUNDLE_LOADER = "$(TEST_HOST)";
				CODE_SIGN_STYLE = Automatic;
				CURRENT_PROJECT_VERSION = 1;
				DEVELOPMENT_TEAM = RTR7UG8D94;
				GENERATE_INFOPLIST_FILE = YES;
				IPHONEOS_DEPLOYMENT_TARGET = 18.4;
				MARKETING_VERSION = 1.0;
				PRODUCT_BUNDLE_IDENTIFIER = "aiden-barrett.myWeatherIOSTests";
				PRODUCT_NAME = "$(TARGET_NAME)";
				SWIFT_EMIT_LOC_STRINGS = NO;
				SWIFT_VERSION = 5.0;
				TARGETED_DEVICE_FAMILY = "1,2";
				TEST_HOST = "$(BUILT_PRODUCTS_DIR)/myWeatherIOS.app/$(BUNDLE_EXECUTABLE_FOLDER_PATH)/myWeatherIOS";
			};
			name = Release;
		};
		01E89B132DDD0E5400CC8634 /* Debug */ = {
			isa = XCBuildConfiguration;
			buildSettings = {
				CODE_SIGN_STYLE = Automatic;
				CURRENT_PROJECT_VERSION = 1;
				DEVELOPMENT_TEAM = RTR7UG8D94;
				GENERATE_INFOPLIST_FILE = YES;
				MARKETING_VERSION = 1.0;
				PRODUCT_BUNDLE_IDENTIFIER = "aiden-barrett.myWeatherIOSUITests";
				PRODUCT_NAME = "$(TARGET_NAME)";
				SWIFT_EMIT_LOC_STRINGS = NO;
				SWIFT_VERSION = 5.0;
				TARGETED_DEVICE_FAMILY = "1,2";
				TEST_TARGET_NAME = myWeatherIOS;
			};
			name = Debug;
		};
		01E89B142DDD0E5400CC8634 /* Release */ = {
			isa = XCBuildConfiguration;
			buildSettings = {
				CODE_SIGN_STYLE = Automatic;
				CURRENT_PROJECT_VERSION = 1;
				DEVELOPMENT_TEAM = RTR7UG8D94;
				GENERATE_INFOPLIST_FILE = YES;
				MARKETING_VERSION = 1.0;
				PRODUCT_BUNDLE_IDENTIFIER = "aiden-barrett.myWeatherIOSUITests";
				PRODUCT_NAME = "$(TARGET_NAME)";
				SWIFT_EMIT_LOC_STRINGS = NO;
				SWIFT_VERSION = 5.0;
				TARGETED_DEVICE_FAMILY = "1,2";
				TEST_TARGET_NAME = myWeatherIOS;
			};
			name = Release;
		};
/* End XCBuildConfiguration section */

/* Begin XCConfigurationList section */
		01E89AE62DDD0E5200CC8634 /* Build configuration list for PBXProject "myWeatherIOS" */ = {
			isa = XCConfigurationList;
			buildConfigurations = (
				01E89B0A2DDD0E5400CC8634 /* Debug */,
				01E89B0B2DDD0E5400CC8634 /* Release */,
			);
			defaultConfigurationIsVisible = 0;
			defaultConfigurationName = Release;
		};
		01E89B0C2DDD0E5400CC8634 /* Build configuration list for PBXNativeTarget "myWeatherIOS" */ = {
			isa = XCConfigurationList;
			buildConfigurations = (
				01E89B0D2DDD0E5400CC8634 /* Debug */,
				01E89B0E2DDD0E5400CC8634 /* Release */,
			);
			defaultConfigurationIsVisible = 0;
			defaultConfigurationName = Release;
		};
		01E89B0F2DDD0E5400CC8634 /* Build configuration list for PBXNativeTarget "myWeatherIOSTests" */ = {
			isa = XCConfigurationList;
			buildConfigurations = (
				01E89B102DDD0E5400CC8634 /* Debug */,
				01E89B112DDD0E5400CC8634 /* Release */,
			);
			defaultConfigurationIsVisible = 0;
			defaultConfigurationName = Release;
		};
		01E89B122DDD0E5400CC8634 /* Build configuration list for PBXNativeTarget "myWeatherIOSUITests" */ = {
			isa = XCConfigurationList;
			buildConfigurations = (
				01E89B132DDD0E5400CC8634 /* Debug */,
				01E89B142DDD0E5400CC8634 /* Release */,
			);
			defaultConfigurationIsVisible = 0;
			defaultConfigurationName = Release;
		};
/* End XCConfigurationList section */
	};
	rootObject = 01E89AE32DDD0E5200CC8634 /* Project object */;
}
